
Microsoft Visual Studio Solution File, Format Version 12.00
# Visual Studio 2013
VisualStudioVersion = 12.0.21005.1
MinimumVisualStudioVersion = 10.0.40219.1
Project("{F088123C-0E9E-452A-89E6-6BA2F21D5CAC}") = "FRP", "FRP\FRP.modelproj", "{36D7347C-85BD-4FDB-91F8-BDD1BD9BFE0D}"
EndProject
Project("{FAE04EC0-301F-11D3-BF4B-00C04F79EFBC}") = "MainLib", "MainLib\MainLib.csproj", "{DDBE9848-00DF-4FB8-A517-288C9A732DB3}"
EndProject
Global
	GlobalSection(SolutionConfigurationPlatforms) = preSolution
		Debug|Any CPU = Debug|Any CPU
		Release|Any CPU = Release|Any CPU
	EndGlobalSection
	GlobalSection(ProjectConfigurationPlatforms) = postSolution
		{36D7347C-85BD-4FDB-91F8-BDD1BD9BFE0D}.Debug|Any CPU.ActiveCfg = Debug|Any CPU
		{36D7347C-85BD-4FDB-91F8-BDD1BD9BFE0D}.Debug|Any CPU.Build.0 = Debug|Any CPU
		{36D7347C-85BD-4FDB-91F8-BDD1BD9BFE0D}.Release|Any CPU.ActiveCfg = Release|Any CPU
		{36D7347C-85BD-4FDB-91F8-BDD1BD9BFE0D}.Release|Any CPU.Build.0 = Release|Any CPU
		{DDBE9848-00DF-4FB8-A517-288C9A732DB3}.Debug|Any CPU.ActiveCfg = Debug|Any CPU
		{DDBE9848-00DF-4FB8-A517-288C9A732DB3}.Debug|Any CPU.Build.0 = Debug|Any CPU
		{DDBE9848-00DF-4FB8-A517-288C9A732DB3}.Release|Any CPU.ActiveCfg = Release|Any CPU
		{DDBE9848-00DF-4FB8-A517-288C9A732DB3}.Release|Any CPU.Build.0 = Release|Any CPU
	EndGlobalSection
	GlobalSection(SolutionProperties) = preSolution
		HideSolutionNode = FALSE
	EndGlobalSection
EndGlobal
